dependencies:
- name: pulsar-operator
  repository: file://../pulsar-operator
  version: 0.0.1-alpha
- name: kube-prometheus-stack
  repository: https://prometheus-community.github.io/helm-charts
  version: 41.9.1
- name: keycloak
  repository: https://charts.bitnami.com/bitnami
  version: 9.8.1
digest: sha256:84a78fae650335481c406e2878b323ac5a34271032f1cd655861523338654bc4
generated: "2023-01-02T16:28:40.079351+01:00"
