dependencies:
- name: pulsar-operator
  repository: file://../pulsar-operator
  version: 0.0.1-alpha
- name: kube-prometheus-stack
  repository: https://prometheus-community.github.io/helm-charts
  version: 41.9.1
- name: keycloak
  repository: https://charts.bitnami.com/bitnami
  version: 9.8.1
- name: cert-manager
  repository: https://charts.jetstack.io
  version: v1.8.2
digest: sha256:1ecb692aacdac9dfbbb62888efc2f0248d3a24de2da5dd4390cd8443c74aec05
generated: "2023-01-10T22:58:42.633905+01:00"
